
Microsoft Visual Studio Solution File, Format Version 12.00
# Visual Studio Version 17
VisualStudioVersion = 17.8.34309.116
MinimumVisualStudioVersion = 10.0.40219.1
Project("{FAE04EC0-301F-11D3-BF4B-00C04F79EFBC}") = "practicee-2", "practicee-2\practicee-2.csproj", "{22F54523-3F3B-417A-B804-6E35BC316726}"
EndProject
Global
	GlobalSection(SolutionConfigurationPlatforms) = preSolution
		Debug|Any CPU = Debug|Any CPU
		Release|Any CPU = Release|Any CPU
	EndGlobalSection
	GlobalSection(ProjectConfigurationPlatforms) = postSolution
		{22F54523-3F3B-417A-B804-6E35BC316726}.Debug|Any CPU.ActiveCfg = Debug|Any CPU
		{22F54523-3F3B-417A-B804-6E35BC316726}.Debug|Any CPU.Build.0 = Debug|Any CPU
		{22F54523-3F3B-417A-B804-6E35BC316726}.Release|Any CPU.ActiveCfg = Release|Any CPU
		{22F54523-3F3B-417A-B804-6E35BC316726}.Release|Any CPU.Build.0 = Release|Any CPU
	EndGlobalSection
	GlobalSection(SolutionProperties) = preSolution
		HideSolutionNode = FALSE
	EndGlobalSection
	GlobalSection(ExtensibilityGlobals) = postSolution
		SolutionGuid = {AC9F6BFC-3CFB-4B6B-8C67-983BDB9D6FA8}
	EndGlobalSection
EndGlobal
